
Microsoft Visual Studio Solution File, Format Version 12.00
# Visual Studio Version 17
VisualStudioVersion = 17.14.36623.8
MinimumVisualStudioVersion = 10.0.40219.1
Project("{FAE04EC0-301F-11D3-BF4B-00C04F79EFBC}") = "Server", "Server\Server.csproj", "{17932DB1-A9E5-4CCD-A2C2-6D4BB1717A03}"
EndProject
Project("{FAE04EC0-301F-11D3-BF4B-00C04F79EFBC}") = "Client", "Client\Client.csproj", "{82019B3E-CBF5-4BEF-9B3B-9746DC74D355}"
EndProject
Project("{FAE04EC0-301F-11D3-BF4B-00C04F79EFBC}") = "Infrastructure", "Infrastructure\Infrastructure.csproj", "{F347380B-378E-49EB-8CCD-2E778BFFE339}"
EndProject
Project("{FAE04EC0-301F-11D3-BF4B-00C04F79EFBC}") = "Domain", "Domain\Domain.csproj", "{BAE263A0-D41E-4F0A-9ADF-369F01EA5D23}"
EndProject
Project("{FAE04EC0-301F-11D3-BF4B-00C04F79EFBC}") = "Shared", "Shared\Shared.csproj", "{78737AFE-9E4F-48E7-9F9F-93CAECA0A754}"
EndProject
Global
	GlobalSection(SolutionConfigurationPlatforms) = preSolution
		Debug|Any CPU = Debug|Any CPU
		Release|Any CPU = Release|Any CPU
	EndGlobalSection
	GlobalSection(ProjectConfigurationPlatforms) = postSolution
		{17932DB1-A9E5-4CCD-A2C2-6D4BB1717A03}.Debug|Any CPU.ActiveCfg = Debug|Any CPU
		{17932DB1-A9E5-4CCD-A2C2-6D4BB1717A03}.Debug|Any CPU.Build.0 = Debug|Any CPU
		{17932DB1-A9E5-4CCD-A2C2-6D4BB1717A03}.Release|Any CPU.ActiveCfg = Release|Any CPU
		{17932DB1-A9E5-4CCD-A2C2-6D4BB1717A03}.Release|Any CPU.Build.0 = Release|Any CPU
		{82019B3E-CBF5-4BEF-9B3B-9746DC74D355}.Debug|Any CPU.ActiveCfg = Debug|Any CPU
		{82019B3E-CBF5-4BEF-9B3B-9746DC74D355}.Debug|Any CPU.Build.0 = Debug|Any CPU
		{82019B3E-CBF5-4BEF-9B3B-9746DC74D355}.Release|Any CPU.ActiveCfg = Release|Any CPU
		{82019B3E-CBF5-4BEF-9B3B-9746DC74D355}.Release|Any CPU.Build.0 = Release|Any CPU
		{F347380B-378E-49EB-8CCD-2E778BFFE339}.Debug|Any CPU.ActiveCfg = Debug|Any CPU
		{F347380B-378E-49EB-8CCD-2E778BFFE339}.Debug|Any CPU.Build.0 = Debug|Any CPU
		{F347380B-378E-49EB-8CCD-2E778BFFE339}.Release|Any CPU.ActiveCfg = Release|Any CPU
		{F347380B-378E-49EB-8CCD-2E778BFFE339}.Release|Any CPU.Build.0 = Release|Any CPU
		{BAE263A0-D41E-4F0A-9ADF-369F01EA5D23}.Debug|Any CPU.ActiveCfg = Debug|Any CPU
		{BAE263A0-D41E-4F0A-9ADF-369F01EA5D23}.Debug|Any CPU.Build.0 = Debug|Any CPU
		{BAE263A0-D41E-4F0A-9ADF-369F01EA5D23}.Release|Any CPU.ActiveCfg = Release|Any CPU
		{BAE263A0-D41E-4F0A-9ADF-369F01EA5D23}.Release|Any CPU.Build.0 = Release|Any CPU
		{78737AFE-9E4F-48E7-9F9F-93CAECA0A754}.Debug|Any CPU.ActiveCfg = Debug|Any CPU
		{78737AFE-9E4F-48E7-9F9F-93CAECA0A754}.Debug|Any CPU.Build.0 = Debug|Any CPU
		{78737AFE-9E4F-48E7-9F9F-93CAECA0A754}.Release|Any CPU.ActiveCfg = Release|Any CPU
		{78737AFE-9E4F-48E7-9F9F-93CAECA0A754}.Release|Any CPU.Build.0 = Release|Any CPU
	EndGlobalSection
	GlobalSection(SolutionProperties) = preSolution
		HideSolutionNode = FALSE
	EndGlobalSection
	GlobalSection(ExtensibilityGlobals) = postSolution
		SolutionGuid = {98F43A65-2906-4249-ADFC-4556F0F8DF65}
	EndGlobalSection
EndGlobal
